
Microsoft Visual Studio Solution File, Format Version 12.00
# Visual Studio 2012
Project("{FAE04EC0-301F-11D3-BF4B-00C04F79EFBC}") = "recruiter test", "recruiter test\recruiter test.csproj", "{42DECB00-DC83-4FED-954B-FCCE531E432F}"
EndProject
Global
	GlobalSection(SolutionConfigurationPlatforms) = preSolution
		Debug|Any CPU = Debug|Any CPU
		Release|Any CPU = Release|Any CPU
	EndGlobalSection
	GlobalSection(ProjectConfigurationPlatforms) = postSolution
		{42DECB00-DC83-4FED-954B-FCCE531E432F}.Debug|Any CPU.ActiveCfg = Debug|Any CPU
		{42DECB00-DC83-4FED-954B-FCCE531E432F}.Debug|Any CPU.Build.0 = Debug|Any CPU
		{42DECB00-DC83-4FED-954B-FCCE531E432F}.Release|Any CPU.ActiveCfg = Release|Any CPU
		{42DECB00-DC83-4FED-954B-FCCE531E432F}.Release|Any CPU.Build.0 = Release|Any CPU
	EndGlobalSection
	GlobalSection(SolutionProperties) = preSolution
		HideSolutionNode = FALSE
	EndGlobalSection
EndGlobal
